
Microsoft Visual Studio Solution File, Format Version 12.00
# Visual Studio Version 16
VisualStudioVersion = 16.0.30011.22
MinimumVisualStudioVersion = 10.0.40219.1
Project("{8BC9CEB8-8B4A-11D0-8D11-00A0C91BC942}") = "2048", "2048\2048.vcxproj", "{8D4AB5A9-193C-459E-BE64-9D0647ADE753}"
EndProject
Global
	GlobalSection(SolutionConfigurationPlatforms) = preSolution
		Debug|x64 = Debug|x64
		Debug|x86 = Debug|x86
		Release|x64 = Release|x64
		Release|x86 = Release|x86
	EndGlobalSection
	GlobalSection(ProjectConfigurationPlatforms) = postSolution
		{8D4AB5A9-193C-459E-BE64-9D0647ADE753}.Debug|x64.ActiveCfg = Debug|x64
		{8D4AB5A9-193C-459E-BE64-9D0647ADE753}.Debug|x64.Build.0 = Debug|x64
		{8D4AB5A9-193C-459E-BE64-9D0647ADE753}.Debug|x86.ActiveCfg = Debug|Win32
		{8D4AB5A9-193C-459E-BE64-9D0647ADE753}.Debug|x86.Build.0 = Debug|Win32
		{8D4AB5A9-193C-459E-BE64-9D0647ADE753}.Release|x64.ActiveCfg = Release|x64
		{8D4AB5A9-193C-459E-BE64-9D0647ADE753}.Release|x64.Build.0 = Release|x64
		{8D4AB5A9-193C-459E-BE64-9D0647ADE753}.Release|x86.ActiveCfg = Release|Win32
		{8D4AB5A9-193C-459E-BE64-9D0647ADE753}.Release|x86.Build.0 = Release|Win32
	EndGlobalSection
	GlobalSection(SolutionProperties) = preSolution
		HideSolutionNode = FALSE
	EndGlobalSection
	GlobalSection(ExtensibilityGlobals) = postSolution
		SolutionGuid = {EB6D8C22-3B8F-4FBD-AFC0-AF0B066F441B}
	EndGlobalSection
EndGlobal
